// !$*UTF8*$!
{
	archiveVersion = 1;
	classes = {
	};
	objectVersion = 56;
	objects = {

/* Begin PBXBuildFile section */
		3F02EFB4302311DD004D3145 /* GoogleService-Info.plist in Resources */ = {isa = PBXBuildFile; fileRef = 3F02EFB3302311DD004D3145 /* GoogleService-Info.plist */; };
		3F0B0E57302351A200124FED /* FirebaseAuth in Frameworks */ = {isa = PBXBuildFile; productRef = 3F0B0E56302351A200124FED /* FirebaseAuth */; };
		3F0B0E59302351A200124FED /* FirebaseFirestore in Frameworks */ = {isa = PBXBuildFile; productRef = 3F0B0E58302351A200124FED /* FirebaseFirestore */; };
		3F0B0E5B302351A200124FED /* FirebaseMessaging in Frameworks */ = {isa = PBXBuildFile; productRef = 3F0B0E5A302351A200124FED /* FirebaseMessaging */; };
		3F0B0E5D302351A200124FED /* FirebaseStorage in Frameworks */ = {isa = PBXBuildFile; productRef = 3F0B0E5C302351A200124FED /* FirebaseStorage */; };
		3F0B0E5F302352EF00124FED /* AuthManager.swift in Sources */ = {isa = PBXBuildFile; fileRef = 3F0B0E5E302352EF00124FED /* AuthManager.swift */; };
		3F55FAED303C04E2008C207D /*  adminDashbardview.swift in Sources */ = {isa = PBXBuildFile; fileRef = 3F55FAEC303C04E2008C207D /*  adminDashbardview.swift */; };
		3F55FAEF303C059A008C207D /*  GeofenceSetupView.swift in Sources */ = {isa = PBXBuildFile; fileRef = 3F55FAEE303C059A008C207D /*  GeofenceSetupView.swift */; };
		3F55FAF1303C05DA008C207D /*  userRole.swift in Sources */ = {isa = PBXBuildFile; fileRef = 3F55FAF0303C05DA008C207D /*  userRole.swift */; };
		3F55FAF3303C09CE008C207D /* LocationManager.swift in Sources */ = {isa = PBXBuildFile; fileRef = 3F55FAF2303C09CD008C207D /* LocationManager.swift */; };
		3FA7D62B3021F04500182C8E /*  LoginFormView.swift in Sources */ = {isa = PBXBuildFile; fileRef = 3FA7D62A3021F04500182C8E /*  LoginFormView.swift */; };
		3FA7D62D3021F16500182C8E /*  LoginFooterView.swift in Sources */ = {isa = PBXBuildFile; fileRef = 3FA7D62C3021F16500182C8E /*  LoginFooterView.swift */; };
		3FA7D62F3021F23100182C8E /*  LoginHeaderView.swift in Sources */ = {isa = PBXBuildFile; fileRef = 3FA7D62E3021F23100182C8E /*  LoginHeaderView.swift */; };
		3FA7D6313021F69F00182C8E /* LoginViewModel.swift in Sources */ = {isa = PBXBuildFile; fileRef = 3FA7D6303021F69F00182C8E /* LoginViewModel.swift */; };
		3FB075693046C5B700E106BD /*  AttendanceManager.swift in Sources */ = {isa = PBXBuildFile; fileRef = 3FB075683046C5B700E106BD /*  AttendanceManager.swift */; };
		3FB0C4E630453A2200A01DCA /*  FaceCameraView.swift in Sources */ = {isa = PBXBuildFile; fileRef = 3FB0C4E530453A2200A01DCA /*  FaceCameraView.swift */; };
		3FB0C4E830453B7F00A01DCA /*  AttendanceRecord.swift in Sources */ = {isa = PBXBuildFile; fileRef = 3FB0C4E730453B7F00A01DCA /*  AttendanceRecord.swift */; };
		3FB0C4EA30453BBF00A01DCA /*  AttendanceLogsView.swift in Sources */ = {isa = PBXBuildFile; fileRef = 3FB0C4E930453BBF00A01DCA /*  AttendanceLogsView.swift */; };
		3FF3E1E930209F2A00E2EC1B /* GeoPunchAIApp.swift in Sources */ = {isa = PBXBuildFile; fileRef = 3FF3E1E830209F2A00E2EC1B /* GeoPunchAIApp.swift */; };
		3FF3E1EB30209F2A00E2EC1B /* ContentView.swift in Sources */ = {isa = PBXBuildFile; fileRef = 3FF3E1EA30209F2A00E2EC1B /* ContentView.swift */; };
		3FF3E1ED30209F2B00E2EC1B /* Assets.xcassets in Resources */ = {isa = PBXBuildFile; fileRef = 3FF3E1EC30209F2B00E2EC1B /* Assets.xcassets */; };
		3FF3E1F030209F2B00E2EC1B /* Preview Assets.xcassets in Resources */ = {isa = PBXBuildFile; fileRef = 3FF3E1EF30209F2B00E2EC1B /* Preview Assets.xcassets */; };
		3FF3E1FA30209F2B00E2EC1B /* GeoPunchAITests.swift in Sources */ = {isa = PBXBuildFile; fileRef = 3FF3E1F930209F2B00E2EC1B /* GeoPunchAITests.swift */; };
		3FF3E20430209F2B00E2EC1B /* GeoPunchAIUITests.swift in Sources */ = {isa = PBXBuildFile; fileRef = 3FF3E20330209F2B00E2EC1B /* GeoPunchAIUITests.swift */; };
		3FF3E20630209F2B00E2EC1B /* GeoPunchAIUITestsLaunchTests.swift in Sources */ = {isa = PBXBuildFile; fileRef = 3FF3E20530209F2B00E2EC1B /* GeoPunchAIUITestsLaunchTests.swift */; };
		3FF3E21C3020A05300E2EC1B /*  SplashViews.swift in Sources */ = {isa = PBXBuildFile; fileRef = 3FF3E21B3020A05300E2EC1B /*  SplashViews.swift */; };
		3FF3E2263020A2F800E2EC1B /*  OnboardingView.swift in Sources */ = {isa = PBXBuildFile; fileRef = 3FF3E2253020A2F800E2EC1B /*  OnboardingView.swift */; };
		3FF3E2283020A4DD00E2EC1B /*  OnboardingItem.swift in Sources */ = {isa = PBXBuildFile; fileRef = 3FF3E2273020A4DD00E2EC1B /*  OnboardingItem.swift */; };
		3FF3E22A3020A56800E2EC1B /*  OnboardingData.swift in Sources */ = {isa = PBXBuildFile; fileRef = 3FF3E2293020A56800E2EC1B /*  OnboardingData.swift */; };
		3FF3E22C3020A61300E2EC1B /*  OnboardingCardView.swift in Sources */ = {isa = PBXBuildFile; fileRef = 3FF3E22B3020A61300E2EC1B /*  OnboardingCardView.swift */; };
		3FF3E22E3020A83600E2EC1B /*  LoginView.swift in Sources */ = {isa = PBXBuildFile; fileRef = 3FF3E22D3020A83600E2EC1B /*  LoginView.swift */; };
		3FF61CF330249FE80055C1CC /*  RegisterViewModel.swift in Sources */ = {isa = PBXBuildFile; fileRef = 3FF61CF230249FE80055C1CC /*  RegisterViewModel.swift */; };
		3FF61CF53024A1030055C1CC /*  RegisterView.swift in Sources */ = {isa = PBXBuildFile; fileRef = 3FF61CF43024A1030055C1CC /*  RegisterView.swift */; };
		3FFD26893021DCA500A5EF81 /*  DashboardView.swift in Sources */ = {isa = PBXBuildFile; fileRef = 3FFD26883021DCA500A5EF81 /*  DashboardView.swift */; };
		3FFD268B3021DDE900A5EF81 /*  StatusCardView.swift in Sources */ = {isa = PBXBuildFile; fileRef = 3FFD268A3021DDE900A5EF81 /*  StatusCardView.swift */; };
		3FFD268D3021DF7F00A5EF81 /*  PunchCardView.swift in Sources */ = {isa = PBXBuildFile; fileRef = 3FFD268C3021DF7F00A5EF81 /*  PunchCardView.swift */; };
		3FFD268F3021E08300A5EF81 /*  BottomNavigationView.swift in Sources */ = {isa = PBXBuildFile; fileRef = 3FFD268E3021E08300A5EF81 /*  BottomNavigationView.swift */; };
		3FFD26913021E32100A5EF81 /*  AppColors.swift in Sources */ = {isa = PBXBuildFile; fileRef = 3FFD26903021E32100A5EF81 /*  AppColors.swift */; };
		3FFD26933021E38B00A5EF81 /*  AppFonts.swift in Sources */ = {isa = PBXBuildFile; fileRef = 3FFD26923021E38B00A5EF81 /*  AppFonts.swift */; };
		3FFD26953021E3E000A5EF81 /*  Theme.swift in Sources */ = {isa = PBXBuildFile; fileRef = 3FFD26943021E3E000A5EF81 /*  Theme.swift */; };
		3FFD26973021E45100A5EF81 /*  PrimaryButton.swift in Sources */ = {isa = PBXBuildFile; fileRef = 3FFD26963021E45100A5EF81 /*  PrimaryButton.swift */; };
		3FFD26993021E4EF00A5EF81 /*  AppCard.swift in Sources */ = {isa = PBXBuildFile; fileRef = 3FFD26983021E4EF00A5EF81 /*  AppCard.swift */; };
		3FFD269B3021E59D00A5EF81 /*  CustomTextField.swift in Sources */ = {isa = PBXBuildFile; fileRef = 3FFD269A3021E59D00A5EF81 /*  CustomTextField.swift */; };
		3FFD269D3021E5FC00A5EF81 /*  SecureTextField.swift in Sources */ = {isa = PBXBuildFile; fileRef = 3FFD269C3021E5FC00A5EF81 /*  SecureTextField.swift */; };
/* End PBXBuildFile section */

/* Begin PBXContainerItemProxy section */
		3FF3E1F630209F2B00E2EC1B /* PBXContainerItemProxy */ = {
			isa = PBXContainerItemProxy;
			containerPortal = 3FF3E1DD30209F2A00E2EC1B /* Project object */;
			proxyType = 1;
			remoteGlobalIDString = 3FF3E1E430209F2A00E2EC1B;
			remoteInfo = GeoPunchAI;
		};
		3FF3E20030209F2B00E2EC1B /* PBXContainerItemProxy */ = {
			isa = PBXContainerItemProxy;
			containerPortal = 3FF3E1DD30209F2A00E2EC1B /* Project object */;
			proxyType = 1;
			remoteGlobalIDString = 3FF3E1E430209F2A00E2EC1B;
			remoteInfo = GeoPunchAI;
		};
/* End PBXContainerItemProxy section */

/* Begin PBXFileReference section */
		3F02EFB3302311DD004D3145 /* GoogleService-Info.plist */ = {isa = PBXFileReference; fileEncoding = 4; lastKnownFileType = text.plist.xml; name = "GoogleService-Info.plist"; path = "../../GoogleService-Info.plist"; sourceTree = "<group>"; };
		3F0B0E5E302352EF00124FED /* AuthManager.swift */ = {isa = PBXFileReference; lastKnownFileType = sourcecode.swift; path = AuthManager.swift; sourceTree = "<group>"; };
		3F55FAEC303C04E2008C207D /*  adminDashbardview.swift */ = {isa = PBXFileReference; lastKnownFileType = sourcecode.swift; path = " adminDashbardview.swift"; sourceTree = "<group>"; };
		3F55FAEE303C059A008C207D /*  GeofenceSetupView.swift */ = {isa = PBXFileReference; lastKnownFileType = sourcecode.swift; path = " GeofenceSetupView.swift"; sourceTree = "<group>"; };
		3F55FAF0303C05DA008C207D /*  userRole.swift */ = {isa = PBXFileReference; lastKnownFileType = sourcecode.swift; path = " userRole.swift"; sourceTree = "<group>"; };
		3F55FAF2303C09CD008C207D /* LocationManager.swift */ = {isa = PBXFileReference; lastKnownFileType = sourcecode.swift; path = LocationManager.swift; sourceTree = "<group>"; };
		3FA7D62A3021F04500182C8E /*  LoginFormView.swift */ = {isa = PBXFileReference; lastKnownFileType = sourcecode.swift; path = " LoginFormView.swift"; sourceTree = "<group>"; };
		3FA7D62C3021F16500182C8E /*  LoginFooterView.swift */ = {isa = PBXFileReference; lastKnownFileType = sourcecode.swift; path = " LoginFooterView.swift"; sourceTree = "<group>"; };
		3FA7D62E3021F23100182C8E /*  LoginHeaderView.swift */ = {isa = PBXFileReference; lastKnownFileType = sourcecode.swift; path = " LoginHeaderView.swift"; sourceTree = "<group>"; };
		3FA7D6303021F69F00182C8E /* LoginViewModel.swift */ = {isa = PBXFileReference; lastKnownFileType = sourcecode.swift; path = LoginViewModel.swift; sourceTree = "<group>"; };
		3FB075683046C5B700E106BD /*  AttendanceManager.swift */ = {isa = PBXFileReference; lastKnownFileType = sourcecode.swift; path = " AttendanceManager.swift"; sourceTree = "<group>"; };
		3FB0C4E530453A2200A01DCA /*  FaceCameraView.swift */ = {isa = PBXFileReference; lastKnownFileType = sourcecode.swift; path = " FaceCameraView.swift"; sourceTree = "<group>"; };
		3FB0C4E730453B7F00A01DCA /*  AttendanceRecord.swift */ = {isa = PBXFileReference; lastKnownFileType = sourcecode.swift; path = " AttendanceRecord.swift"; sourceTree = "<group>"; };
		3FB0C4E930453BBF00A01DCA /*  AttendanceLogsView.swift */ = {isa = PBXFileReference; lastKnownFileType = sourcecode.swift; path = " AttendanceLogsView.swift"; sourceTree = "<group>"; };
		3FF3E1E530209F2A00E2EC1B /* GeoPunchAI.app */ = {isa = PBXFileReference; explicitFileType = wrapper.application; includeInIndex = 0; path = GeoPunchAI.app; sourceTree = BUILT_PRODUCTS_DIR; };
		3FF3E1E830209F2A00E2EC1B /* GeoPunchAIApp.swift */ = {isa = PBXFileReference; lastKnownFileType = sourcecode.swift; path = GeoPunchAIApp.swift; sourceTree = "<group>"; };
		3FF3E1EA30209F2A00E2EC1B /* ContentView.swift */ = {isa = PBXFileReference; lastKnownFileType = sourcecode.swift; path = ContentView.swift; sourceTree = "<group>"; };
		3FF3E1EC30209F2B00E2EC1B /* Assets.xcassets */ = {isa = PBXFileReference; lastKnownFileType = folder.assetcatalog; path = Assets.xcassets; sourceTree = "<group>"; };
		3FF3E1EF30209F2B00E2EC1B /* Preview Assets.xcassets */ = {isa = PBXFileReference; lastKnownFileType = folder.assetcatalog; path = "Preview Assets.xcassets"; sourceTree = "<group>"; };
		3FF3E1F530209F2B00E2EC1B /* GeoPunchAITests.xctest */ = {isa = PBXFileReference; explicitFileType = wrapper.cfbundle; includeInIndex = 0; path = GeoPunchAITests.xctest; sourceTree = BUILT_PRODUCTS_DIR; };
		3FF3E1F930209F2B00E2EC1B /* GeoPunchAITests.swift */ = {isa = PBXFileReference; lastKnownFileType = sourcecode.swift; path = GeoPunchAITests.swift; sourceTree = "<group>"; };
		3FF3E1FF30209F2B00E2EC1B /* GeoPunchAIUITests.xctest */ = {isa = PBXFileReference; explicitFileType = wrapper.cfbundle; includeInIndex = 0; path = GeoPunchAIUITests.xctest; sourceTree = BUILT_PRODUCTS_DIR; };
		3FF3E20330209F2B00E2EC1B /* GeoPunchAIUITests.swift */ = {isa = PBXFileReference; lastKnownFileType = sourcecode.swift; path = GeoPunchAIUITests.swift; sourceTree = "<group>"; };
		3FF3E20530209F2B00E2EC1B /* GeoPunchAIUITestsLaunchTests.swift */ = {isa = PBXFileReference; lastKnownFileType = sourcecode.swift; path = GeoPunchAIUITestsLaunchTests.swift; sourceTree = "<group>"; };
		3FF3E21B3020A05300E2EC1B /*  SplashViews.swift */ = {isa = PBXFileReference; lastKnownFileType = sourcecode.swift; path = " SplashViews.swift"; sourceTree = "<group>"; };
		3FF3E2253020A2F800E2EC1B /*  OnboardingView.swift */ = {isa = PBXFileReference; lastKnownFileType = sourcecode.swift; path = " OnboardingView.swift"; sourceTree = "<group>"; };
		3FF3E2273020A4DD00E2EC1B /*  OnboardingItem.swift */ = {isa = PBXFileReference; lastKnownFileType = sourcecode.swift; path = " OnboardingItem.swift"; sourceTree = "<group>"; };
		3FF3E2293020A56800E2EC1B /*  OnboardingData.swift */ = {isa = PBXFileReference; lastKnownFileType = sourcecode.swift; path = " OnboardingData.swift"; sourceTree = "<group>"; };
		3FF3E22B3020A61300E2EC1B /*  OnboardingCardView.swift */ = {isa = PBXFileReference; lastKnownFileType = sourcecode.swift; path = " OnboardingCardView.swift"; sourceTree = "<group>"; };
		3FF3E22D3020A83600E2EC1B /*  LoginView.swift */ = {isa = PBXFileReference; lastKnownFileType = sourcecode.swift; path = " LoginView.swift"; sourceTree = "<group>"; };
		3FF61CF230249FE80055C1CC /*  RegisterViewModel.swift */ = {isa = PBXFileReference; lastKnownFileType = sourcecode.swift; path = " RegisterViewModel.swift"; sourceTree = "<group>"; };
		3FF61CF43024A1030055C1CC /*  RegisterView.swift */ = {isa = PBXFileReference; lastKnownFileType = sourcecode.swift; path = " RegisterView.swift"; sourceTree = "<group>"; };
		3FFD26883021DCA500A5EF81 /*  DashboardView.swift */ = {isa = PBXFileReference; lastKnownFileType = sourcecode.swift; path = " DashboardView.swift"; sourceTree = "<group>"; };
		3FFD268A3021DDE900A5EF81 /*  StatusCardView.swift */ = {isa = PBXFileReference; lastKnownFileType = sourcecode.swift; path = " StatusCardView.swift"; sourceTree = "<group>"; };
		3FFD268C3021DF7F00A5EF81 /*  PunchCardView.swift */ = {isa = PBXFileReference; lastKnownFileType = sourcecode.swift; path = " PunchCardView.swift"; sourceTree = "<group>"; };
		3FFD268E3021E08300A5EF81 /*  BottomNavigationView.swift */ = {isa = PBXFileReference; lastKnownFileType = sourcecode.swift; path = " BottomNavigationView.swift"; sourceTree = "<group>"; };
		3FFD26903021E32100A5EF81 /*  AppColors.swift */ = {isa = PBXFileReference; lastKnownFileType = sourcecode.swift; path = " AppColors.swift"; sourceTree = "<group>"; };
		3FFD26923021E38B00A5EF81 /*  AppFonts.swift */ = {isa = PBXFileReference; lastKnownFileType = sourcecode.swift; path = " AppFonts.swift"; sourceTree = "<group>"; };
		3FFD26943021E3E000A5EF81 /*  Theme.swift */ = {isa = PBXFileReference; lastKnownFileType = sourcecode.swift; path = " Theme.swift"; sourceTree = "<group>"; };
		3FFD26963021E45100A5EF81 /*  PrimaryButton.swift */ = {isa = PBXFileReference; lastKnownFileType = sourcecode.swift; path = " PrimaryButton.swift"; sourceTree = "<group>"; };
		3FFD26983021E4EF00A5EF81 /*  AppCard.swift */ = {isa = PBXFileReference; lastKnownFileType = sourcecode.swift; path = " AppCard.swift"; sourceTree = "<group>"; };
		3FFD269A3021E59D00A5EF81 /*  CustomTextField.swift */ = {isa = PBXFileReference; lastKnownFileType = sourcecode.swift; path = " CustomTextField.swift"; sourceTree = "<group>"; };
		3FFD269C3021E5FC00A5EF81 /*  SecureTextField.swift */ = {isa = PBXFileReference; lastKnownFileType = sourcecode.swift; path = " SecureTextField.swift"; sourceTree = "<group>"; };
/* End PBXFileReference section */

/* Begin PBXFrameworksBuildPhase section */
		3FF3E1E230209F2A00E2EC1B /* Frameworks */ = {
			isa = PBXFrameworksBuildPhase;
			buildActionMask = 2147483647;
			files = (
				3F0B0E5B302351A200124FED /* FirebaseMessaging in Frameworks */,
				3F0B0E5D302351A200124FED /* FirebaseStorage in Frameworks */,
				3F0B0E57302351A200124FED /* FirebaseAuth in Frameworks */,
				3F0B0E59302351A200124FED /* FirebaseFirestore in Frameworks */,
			);
			runOnlyForDeploymentPostprocessing = 0;
		};
		3FF3E1F230209F2B00E2EC1B /* Frameworks */ = {
			isa = PBXFrameworksBuildPhase;
			buildActionMask = 2147483647;
			files = (
			);
			runOnlyForDeploymentPostprocessing = 0;
		};
		3FF3E1FC30209F2B00E2EC1B /* Frameworks */ = {
			isa = PBXFrameworksBuildPhase;
			buildActionMask = 2147483647;
			files = (
			);
			runOnlyForDeploymentPostprocessing = 0;
		};
/* End PBXFrameworksBuildPhase section */

/* Begin PBXGroup section */
		3FF3E1DC30209F2A00E2EC1B = {
			isa = PBXGroup;
			children = (
				3FF3E1E730209F2A00E2EC1B /* GeoPunchAI */,
				3FF3E1F830209F2B00E2EC1B /* GeoPunchAITests */,
				3FF3E20230209F2B00E2EC1B /* GeoPunchAIUITests */,
				3FF3E1E630209F2A00E2EC1B /* Products */,
			);
			sourceTree = "<group>";
		};
		3FF3E1E630209F2A00E2EC1B /* Products */ = {
			isa = PBXGroup;
			children = (
				3FF3E1E530209F2A00E2EC1B /* GeoPunchAI.app */,
				3FF3E1F530209F2B00E2EC1B /* GeoPunchAITests.xctest */,
				3FF3E1FF30209F2B00E2EC1B /* GeoPunchAIUITests.xctest */,
			);
			name = Products;
			sourceTree = "<group>";
		};
		3FF3E1E730209F2A00E2EC1B /* GeoPunchAI */ = {
			isa = PBXGroup;
			children = (
				3F02EFB3302311DD004D3145 /* GoogleService-Info.plist */,
				3FF3E21D3020A0CC00E2EC1B /*  Utilities */,
				3FF3E21930209FCC00E2EC1B /* Resources */,
				3FF3E21830209FBF00E2EC1B /*  Components */,
				3FF3E21730209FAB00E2EC1B /* Managers */,
				3FF3E21630209FA000E2EC1B /*  Services */,
				3FF3E21530209F8F00E2EC1B /* ViewsModels */,
				3FF3E21430209F8200E2EC1B /* Views */,
				3FF3E21330209F7300E2EC1B /* Models */,
				3FF3E21230209F6500E2EC1B /*  App */,
				3FF3E1E830209F2A00E2EC1B /* GeoPunchAIApp.swift */,
				3FF3E1EA30209F2A00E2EC1B /* ContentView.swift */,
				3FF3E1EC30209F2B00E2EC1B /* Assets.xcassets */,
				3FF3E1EE30209F2B00E2EC1B /* Preview Content */,
			);
			path = GeoPunchAI;
			sourceTree = "<group>";
		};
		3FF3E1EE30209F2B00E2EC1B /* Preview Content */ = {
			isa = PBXGroup;
			children = (
				3FF3E1EF30209F2B00E2EC1B /* Preview Assets.xcassets */,
			);
			path = "Preview Content";
			sourceTree = "<group>";
		};
		3FF3E1F830209F2B00E2EC1B /* GeoPunchAITests */ = {
			isa = PBXGroup;
			children = (
				3FF3E1F930209F2B00E2EC1B /* GeoPunchAITests.swift */,
			);
			path = GeoPunchAITests;
			sourceTree = "<group>";
		};
		3FF3E20230209F2B00E2EC1B /* GeoPunchAIUITests */ = {
			isa = PBXGroup;
			children = (
				3FF3E20330209F2B00E2EC1B /* GeoPunchAIUITests.swift */,
				3FF3E20530209F2B00E2EC1B /* GeoPunchAIUITestsLaunchTests.swift */,
			);
			path = GeoPunchAIUITests;
			sourceTree = "<group>";
		};
		3FF3E21230209F6500E2EC1B /*  App */ = {
			isa = PBXGroup;
			children = (
			);
			path = " App";
			sourceTree = "<group>";
		};
		3FF3E21330209F7300E2EC1B /* Models */ = {
			isa = PBXGroup;
			children = (
				3FF3E2273020A4DD00E2EC1B /*  OnboardingItem.swift */,
				3F55FAF0303C05DA008C207D /*  userRole.swift */,
				3FB0C4E730453B7F00A01DCA /*  AttendanceRecord.swift */,
			);
			path = Models;
			sourceTree = "<group>";
		};
		3FF3E21430209F8200E2EC1B /* Views */ = {
			isa = PBXGroup;
			children = (
				3FF3E2223020A12A00E2EC1B /* Settings */,
				3FF3E2213020A11A00E2EC1B /* Profile */,
				3FF3E2203020A10D00E2EC1B /* Attendance */,
				3FF3E21F3020A10000E2EC1B /* Dashboard */,
				3FF3E21E3020A0EA00E2EC1B /* Authentication */,
				3FF3E21A3020A00D00E2EC1B /* common */,
			);
			path = Views;
			sourceTree = "<group>";
		};
		3FF3E21530209F8F00E2EC1B /* ViewsModels */ = {
			isa = PBXGroup;
			children = (
				3FA7D6303021F69F00182C8E /* LoginViewModel.swift */,
				3FF61CF230249FE80055C1CC /*  RegisterViewModel.swift */,
			);
			path = ViewsModels;
			sourceTree = "<group>";
		};
		3FF3E21630209FA000E2EC1B /*  Services */ = {
			isa = PBXGroup;
			children = (
				3F0B0E5E302352EF00124FED /* AuthManager.swift */,
			);
			path = " Services";
			sourceTree = "<group>";
		};
		3FF3E21730209FAB00E2EC1B /* Managers */ = {
			isa = PBXGroup;
			children = (
				3F55FAF2303C09CD008C207D /* LocationManager.swift */,
				3FB075683046C5B700E106BD /*  AttendanceManager.swift */,
			);
			path = Managers;
			sourceTree = "<group>";
		};
		3FF3E21830209FBF00E2EC1B /*  Components */ = {
			isa = PBXGroup;
			children = (
				3FF3E22B3020A61300E2EC1B /*  OnboardingCardView.swift */,
				3FFD268A3021DDE900A5EF81 /*  StatusCardView.swift */,
				3FFD268C3021DF7F00A5EF81 /*  PunchCardView.swift */,
				3FFD268E3021E08300A5EF81 /*  BottomNavigationView.swift */,
				3FFD26963021E45100A5EF81 /*  PrimaryButton.swift */,
				3FFD26983021E4EF00A5EF81 /*  AppCard.swift */,
				3FFD269A3021E59D00A5EF81 /*  CustomTextField.swift */,
				3FFD269C3021E5FC00A5EF81 /*  SecureTextField.swift */,
			);
			path = " Components";
			sourceTree = "<group>";
		};
		3FF3E21930209FCC00E2EC1B /* Resources */ = {
			isa = PBXGroup;
			children = (
				3FFD26903021E32100A5EF81 /*  AppColors.swift */,
				3FFD26923021E38B00A5EF81 /*  AppFonts.swift */,
				3FFD26943021E3E000A5EF81 /*  Theme.swift */,
			);
			path = Resources;
			sourceTree = "<group>";
		};
		3FF3E21A3020A00D00E2EC1B /* common */ = {
			isa = PBXGroup;
			children = (
				3FF3E21B3020A05300E2EC1B /*  SplashViews.swift */,
			);
			path = common;
			sourceTree = "<group>";
		};
		3FF3E21D3020A0CC00E2EC1B /*  Utilities */ = {
			isa = PBXGroup;
			children = (
			);
			path = " Utilities";
			sourceTree = "<group>";
		};
		3FF3E21E3020A0EA00E2EC1B /* Authentication */ = {
			isa = PBXGroup;
			children = (
				3FF3E2253020A2F800E2EC1B /*  OnboardingView.swift */,
				3FF3E2293020A56800E2EC1B /*  OnboardingData.swift */,
				3FF3E22D3020A83600E2EC1B /*  LoginView.swift */,
				3FA7D62A3021F04500182C8E /*  LoginFormView.swift */,
				3FA7D62C3021F16500182C8E /*  LoginFooterView.swift */,
				3FA7D62E3021F23100182C8E /*  LoginHeaderView.swift */,
				3FF61CF43024A1030055C1CC /*  RegisterView.swift */,
			);
			path = Authentication;
			sourceTree = "<group>";
		};
		3FF3E21F3020A10000E2EC1B /* Dashboard */ = {
			isa = PBXGroup;
			children = (
				3FFD26883021DCA500A5EF81 /*  DashboardView.swift */,
				3F55FAEC303C04E2008C207D /*  adminDashbardview.swift */,
				3F55FAEE303C059A008C207D /*  GeofenceSetupView.swift */,
				3FB0C4E930453BBF00A01DCA /*  AttendanceLogsView.swift */,
			);
			path = Dashboard;
			sourceTree = "<group>";
		};
		3FF3E2203020A10D00E2EC1B /* Attendance */ = {
			isa = PBXGroup;
			children = (
				3FB0C4E530453A2200A01DCA /*  FaceCameraView.swift */,
			);
			path = Attendance;
			sourceTree = "<group>";
		};
		3FF3E2213020A11A00E2EC1B /* Profile */ = {
			isa = PBXGroup;
			children = (
			);
			path = Profile;
			sourceTree = "<group>";
		};
		3FF3E2223020A12A00E2EC1B /* Settings */ = {
			isa = PBXGroup;
			children = (
			);
			path = Settings;
			sourceTree = "<group>";
		};
/* End PBXGroup section */

/* Begin PBXNativeTarget section */
		3FF3E1E430209F2A00E2EC1B /* GeoPunchAI */ = {
			isa = PBXNativeTarget;
			buildConfigurationList = 3FF3E20930209F2B00E2EC1B /* Build configuration list for PBXNativeTarget "GeoPunchAI" */;
			buildPhases = (
				3FF3E1E130209F2A00E2EC1B /* Sources */,
				3FF3E1E230209F2A00E2EC1B /* Frameworks */,
				3FF3E1E330209F2A00E2EC1B /* Resources */,
			);
			buildRules = (
			);
			dependencies = (
			);
			name = GeoPunchAI;
			packageProductDependencies = (
				3F0B0E56302351A200124FED /* FirebaseAuth */,
				3F0B0E58302351A200124FED /* FirebaseFirestore */,
				3F0B0E5A302351A200124FED /* FirebaseMessaging */,
				3F0B0E5C302351A200124FED /* FirebaseStorage */,
			);
			productName = GeoPunchAI;
			productReference = 3FF3E1E530209F2A00E2EC1B /* GeoPunchAI.app */;
			productType = "com.apple.product-type.application";
		};
		3FF3E1F430209F2B00E2EC1B /* GeoPunchAITests */ = {
			isa = PBXNativeTarget;
			buildConfigurationList = 3FF3E20C30209F2B00E2EC1B /* Build configuration list for PBXNativeTarget "GeoPunchAITests" */;
			buildPhases = (
				3FF3E1F130209F2B00E2EC1B /* Sources */,
				3FF3E1F230209F2B00E2EC1B /* Frameworks */,
				3FF3E1F330209F2B00E2EC1B /* Resources */,
			);
			buildRules = (
			);
			dependencies = (
				3FF3E1F730209F2B00E2EC1B /* PBXTargetDependency */,
			);
			name = GeoPunchAITests;
			productName = GeoPunchAITests;
			productReference = 3FF3E1F530209F2B00E2EC1B /* GeoPunchAITests.xctest */;
			productType = "com.apple.product-type.bundle.unit-test";
		};
		3FF3E1FE30209F2B00E2EC1B /* GeoPunchAIUITests */ = {
			isa = PBXNativeTarget;
			buildConfigurationList = 3FF3E20F30209F2B00E2EC1B /* Build configuration list for PBXNativeTarget "GeoPunchAIUITests" */;
			buildPhases = (
				3FF3E1FB30209F2B00E2EC1B /* Sources */,
				3FF3E1FC30209F2B00E2EC1B /* Frameworks */,
				3FF3E1FD30209F2B00E2EC1B /* Resources */,
			);
			buildRules = (
			);
			dependencies = (
				3FF3E20130209F2B00E2EC1B /* PBXTargetDependency */,
			);
			name = GeoPunchAIUITests;
			productName = GeoPunchAIUITests;
			productReference = 3FF3E1FF30209F2B00E2EC1B /* GeoPunchAIUITests.xctest */;
			productType = "com.apple.product-type.bundle.ui-testing";
		};
/* End PBXNativeTarget section */

/* Begin PBXProject section */
		3FF3E1DD30209F2A00E2EC1B /* Project object */ = {
			isa = PBXProject;
			attributes = {
				BuildIndependentTargetsInParallel = 1;
				LastSwiftUpdateCheck = 1540;
				LastUpgradeCheck = 1540;
				TargetAttributes = {
					3FF3E1E430209F2A00E2EC1B = {
						CreatedOnToolsVersion = 15.4;
					};
					3FF3E1F430209F2B00E2EC1B = {
						CreatedOnToolsVersion = 15.4;
						TestTargetID = 3FF3E1E430209F2A00E2EC1B;
					};
					3FF3E1FE30209F2B00E2EC1B = {
						CreatedOnToolsVersion = 15.4;
						TestTargetID = 3FF3E1E430209F2A00E2EC1B;
					};
				};
			};
			buildConfigurationList = 3FF3E1E030209F2A00E2EC1B /* Build configuration list for PBXProject "GeoPunchAI" */;
			compatibilityVersion = "Xcode 14.0";
			developmentRegion = en;
			hasScannedForEncodings = 0;
			knownRegions = (
				en,
				Base,
			);
			mainGroup = 3FF3E1DC30209F2A00E2EC1B;
			packageReferences = (
				3F0B0E55302351A200124FED /* XCRemoteSwiftPackageReference "firebase-ios-sdk" */,
			);
			productRefGroup = 3FF3E1E630209F2A00E2EC1B /* Products */;
			projectDirPath = "";
			projectRoot = "";
			targets = (
				3FF3E1E430209F2A00E2EC1B /* GeoPunchAI */,
				3FF3E1F430209F2B00E2EC1B /* GeoPunchAITests */,
				3FF3E1FE30209F2B00E2EC1B /* GeoPunchAIUITests */,
			);
		};
/* End PBXProject section */

/* Begin PBXResourcesBuildPhase section */
		3FF3E1E330209F2A00E2EC1B /* Resources */ = {
			isa = PBXResourcesBuildPhase;
			buildActionMask = 2147483647;
			files = (
				3FF3E1F030209F2B00E2EC1B /* Preview Assets.xcassets in Resources */,
				3FF3E1ED30209F2B00E2EC1B /* Assets.xcassets in Resources */,
				3F02EFB4302311DD004D3145 /* GoogleService-Info.plist in Resources */,
			);
			runOnlyForDeploymentPostprocessing = 0;
		};
		3FF3E1F330209F2B00E2EC1B /* Resources */ = {
			isa = PBXResourcesBuildPhase;
			buildActionMask = 2147483647;
			files = (
			);
			runOnlyForDeploymentPostprocessing = 0;
		};
		3FF3E1FD30209F2B00E2EC1B /* Resources */ = {
			isa = PBXResourcesBuildPhase;
			buildActionMask = 2147483647;
			files = (
			);
			runOnlyForDeploymentPostprocessing = 0;
		};
/* End PBXResourcesBuildPhase section */

/* Begin PBXSourcesBuildPhase section */
		3FF3E1E130209F2A00E2EC1B /* Sources */ = {
			isa = PBXSourcesBuildPhase;
			buildActionMask = 2147483647;
			files = (
				3FA7D6313021F69F00182C8E /* LoginViewModel.swift in Sources */,
				3F0B0E5F302352EF00124FED /* AuthManager.swift in Sources */,
				3F55FAF3303C09CE008C207D /* LocationManager.swift in Sources */,
				3FF3E21C3020A05300E2EC1B /*  SplashViews.swift in Sources */,
				3FF3E1EB30209F2A00E2EC1B /* ContentView.swift in Sources */,
				3F55FAF1303C05DA008C207D /*  userRole.swift in Sources */,
				3FB0C4E630453A2200A01DCA /*  FaceCameraView.swift in Sources */,
				3FA7D62D3021F16500182C8E /*  LoginFooterView.swift in Sources */,
				3FB0C4E830453B7F00A01DCA /*  AttendanceRecord.swift in Sources */,
				3FFD26913021E32100A5EF81 /*  AppColors.swift in Sources */,
				3FA7D62F3021F23100182C8E /*  LoginHeaderView.swift in Sources */,
				3FFD26993021E4EF00A5EF81 /*  AppCard.swift in Sources */,
				3F55FAED303C04E2008C207D /*  adminDashbardview.swift in Sources */,
				3FFD268F3021E08300A5EF81 /*  BottomNavigationView.swift in Sources */,
				3FF3E22C3020A61300E2EC1B /*  OnboardingCardView.swift in Sources */,
				3FF3E2283020A4DD00E2EC1B /*  OnboardingItem.swift in Sources */,
				3FFD26893021DCA500A5EF81 /*  DashboardView.swift in Sources */,
				3FF61CF330249FE80055C1CC /*  RegisterViewModel.swift in Sources */,
				3FFD268B3021DDE900A5EF81 /*  StatusCardView.swift in Sources */,
				3FB075693046C5B700E106BD /*  AttendanceManager.swift in Sources */,
				3FF3E22A3020A56800E2EC1B /*  OnboardingData.swift in Sources */,
				3FFD268D3021DF7F00A5EF81 /*  PunchCardView.swift in Sources */,
				3FFD269B3021E59D00A5EF81 /*  CustomTextField.swift in Sources */,
				3FF3E2263020A2F800E2EC1B /*  OnboardingView.swift in Sources */,
				3FFD269D3021E5FC00A5EF81 /*  SecureTextField.swift in Sources */,
				3FFD26933021E38B00A5EF81 /*  AppFonts.swift in Sources */,
				3FF3E1E930209F2A00E2EC1B /* GeoPunchAIApp.swift in Sources */,
				3FF3E22E3020A83600E2EC1B /*  LoginView.swift in Sources */,
				3FF61CF53024A1030055C1CC /*  RegisterView.swift in Sources */,
				3FB0C4EA30453BBF00A01DCA /*  AttendanceLogsView.swift in Sources */,
				3FFD26953021E3E000A5EF81 /*  Theme.swift in Sources */,
				3FFD26973021E45100A5EF81 /*  PrimaryButton.swift in Sources */,
				3FA7D62B3021F04500182C8E /*  LoginFormView.swift in Sources */,
				3F55FAEF303C059A008C207D /*  GeofenceSetupView.swift in Sources */,
			);
			runOnlyForDeploymentPostprocessing = 0;
		};
		3FF3E1F130209F2B00E2EC1B /* Sources */ = {
			isa = PBXSourcesBuildPhase;
			buildActionMask = 2147483647;
			files = (
				3FF3E1FA30209F2B00E2EC1B /* GeoPunchAITests.swift in Sources */,
			);
			runOnlyForDeploymentPostprocessing = 0;
		};
		3FF3E1FB30209F2B00E2EC1B /* Sources */ = {
			isa = PBXSourcesBuildPhase;
			buildActionMask = 2147483647;
			files = (
				3FF3E20430209F2B00E2EC1B /* GeoPunchAIUITests.swift in Sources */,
				3FF3E20630209F2B00E2EC1B /* GeoPunchAIUITestsLaunchTests.swift in Sources */,
			);
			runOnlyForDeploymentPostprocessing = 0;
		};
/* End PBXSourcesBuildPhase section */

/* Begin PBXTargetDependency section */
		3FF3E1F730209F2B00E2EC1B /* PBXTargetDependency */ = {
			isa = PBXTargetDependency;
			target = 3FF3E1E430209F2A00E2EC1B /* GeoPunchAI */;
			targetProxy = 3FF3E1F630209F2B00E2EC1B /* PBXContainerItemProxy */;
		};
		3FF3E20130209F2B00E2EC1B /* PBXTargetDependency */ = {
			isa = PBXTargetDependency;
			target = 3FF3E1E430209F2A00E2EC1B /* GeoPunchAI */;
			targetProxy = 3FF3E20030209F2B00E2EC1B /* PBXContainerItemProxy */;
		};
/* End PBXTargetDependency section */

/* Begin XCBuildConfiguration section */
		3FF3E20730209F2B00E2EC1B /* Debug */ = {
			isa = XCBuildConfiguration;
			buildSettings = {
				ALWAYS_SEARCH_USER_PATHS = NO;
				ASSETCATALOG_COMPILER_GENERATE_SWIFT_ASSET_SYMBOL_EXTENSIONS = YES;
				CLANG_ANALYZER_NONNULL = YES;
				CLANG_ANALYZER_NUMBER_OBJECT_CONVERSION = YES_AGGRESSIVE;
				CLANG_CXX_LANGUAGE_STANDARD = "gnu++20";
				CLANG_ENABLE_MODULES = YES;
				CLANG_ENABLE_OBJC_ARC = YES;
				CLANG_ENABLE_OBJC_WEAK = YES;
				CLANG_WARN_BLOCK_CAPTURE_AUTORELEASING = YES;
				CLANG_WARN_BOOL_CONVERSION = YES;
				CLANG_WARN_COMMA = YES;
				CLANG_WARN_CONSTANT_CONVERSION = YES;
				CLANG_WARN_DEPRECATED_OBJC_IMPLEMENTATIONS = YES;
				CLANG_WARN_DIRECT_OBJC_ISA_USAGE = YES_ERROR;
				CLANG_WARN_DOCUMENTATION_COMMENTS = YES;
				CLANG_WARN_EMPTY_BODY = YES;
				CLANG_WARN_ENUM_CONVERSION = YES;
				CLANG_WARN_INFINITE_RECURSION = YES;
				CLANG_WARN_INT_CONVERSION = YES;
				CLANG_WARN_NON_LITERAL_NULL_CONVERSION = YES;
				CLANG_WARN_OBJC_IMPLICIT_RETAIN_SELF = YES;
				CLANG_WARN_OBJC_LITERAL_CONVERSION = YES;
				CLANG_WARN_OBJC_ROOT_CLASS = YES_ERROR;
				CLANG_WARN_QUOTED_INCLUDE_IN_FRAMEWORK_HEADER = YES;
				CLANG_WARN_RANGE_LOOP_ANALYSIS = YES;
				CLANG_WARN_STRICT_PROTOTYPES = YES;
				CLANG_WARN_SUSPICIOUS_MOVE = YES;
				CLANG_WARN_UNGUARDED_AVAILABILITY = YES_AGGRESSIVE;
				CLANG_WARN_UNREACHABLE_CODE = YES;
				CLANG_WARN__DUPLICATE_METHOD_MATCH = YES;
				COPY_PHASE_STRIP = NO;
				DEBUG_INFORMATION_FORMAT = dwarf;
				ENABLE_STRICT_OBJC_MSGSEND = YES;
				ENABLE_TESTABILITY = YES;
				ENABLE_USER_SCRIPT_SANDBOXING = YES;
				GCC_C_LANGUAGE_STANDARD = gnu17;
				GCC_DYNAMIC_NO_PIC = NO;
				GCC_NO_COMMON_BLOCKS = YES;
				GCC_OPTIMIZATION_LEVEL = 0;
				GCC_PREPROCESSOR_DEFINITIONS = (
					"DEBUG=1",
					"$(inherited)",
				);
				GCC_WARN_64_TO_32_BIT_CONVERSION = YES;
				GCC_WARN_ABOUT_RETURN_TYPE = YES_ERROR;
				GCC_WARN_UNDECLARED_SELECTOR = YES;
				GCC_WARN_UNINITIALIZED_AUTOS = YES_AGGRESSIVE;
				GCC_WARN_UNUSED_FUNCTION = YES;
				GCC_WARN_UNUSED_VARIABLE = YES;
				IPHONEOS_DEPLOYMENT_TARGET = 17.5;
				LOCALIZATION_PREFERS_STRING_CATALOGS = YES;
				MTL_ENABLE_DEBUG_INFO = INCLUDE_SOURCE;
				MTL_FAST_MATH = YES;
				ONLY_ACTIVE_ARCH = YES;
				SDKROOT = iphoneos;
				SWIFT_ACTIVE_COMPILATION_CONDITIONS = "DEBUG $(inherited)";
				SWIFT_OPTIMIZATION_LEVEL = "-Onone";
			};
			name = Debug;
		};
		3FF3E20830209F2B00E2EC1B /* Release */ = {
			isa = XCBuildConfiguration;
			buildSettings = {
				ALWAYS_SEARCH_USER_PATHS = NO;
				ASSETCATALOG_COMPILER_GENERATE_SWIFT_ASSET_SYMBOL_EXTENSIONS = YES;
				CLANG_ANALYZER_NONNULL = YES;
				CLANG_ANALYZER_NUMBER_OBJECT_CONVERSION = YES_AGGRESSIVE;
				CLANG_CXX_LANGUAGE_STANDARD = "gnu++20";
				CLANG_ENABLE_MODULES = YES;
				CLANG_ENABLE_OBJC_ARC = YES;
				CLANG_ENABLE_OBJC_WEAK = YES;
				CLANG_WARN_BLOCK_CAPTURE_AUTORELEASING = YES;
				CLANG_WARN_BOOL_CONVERSION = YES;
				CLANG_WARN_COMMA = YES;
				CLANG_WARN_CONSTANT_CONVERSION = YES;
				CLANG_WARN_DEPRECATED_OBJC_IMPLEMENTATIONS = YES;
				CLANG_WARN_DIRECT_OBJC_ISA_USAGE = YES_ERROR;
				CLANG_WARN_DOCUMENTATION_COMMENTS = YES;
				CLANG_WARN_EMPTY_BODY = YES;
				CLANG_WARN_ENUM_CONVERSION = YES;
				CLANG_WARN_INFINITE_RECURSION = YES;
				CLANG_WARN_INT_CONVERSION = YES;
				CLANG_WARN_NON_LITERAL_NULL_CONVERSION = YES;
				CLANG_WARN_OBJC_IMPLICIT_RETAIN_SELF = YES;
				CLANG_WARN_OBJC_LITERAL_CONVERSION = YES;
				CLANG_WARN_OBJC_ROOT_CLASS = YES_ERROR;
				CLANG_WARN_QUOTED_INCLUDE_IN_FRAMEWORK_HEADER = YES;
				CLANG_WARN_RANGE_LOOP_ANALYSIS = YES;
				CLANG_WARN_STRICT_PROTOTYPES = YES;
				CLANG_WARN_SUSPICIOUS_MOVE = YES;
				CLANG_WARN_UNGUARDED_AVAILABILITY = YES_AGGRESSIVE;
				CLANG_WARN_UNREACHABLE_CODE = YES;
				CLANG_WARN__DUPLICATE_METHOD_MATCH = YES;
				COPY_PHASE_STRIP = NO;
				DEBUG_INFORMATION_FORMAT = "dwarf-with-dsym";
				ENABLE_NS_ASSERTIONS = NO;
				ENABLE_STRICT_OBJC_MSGSEND = YES;
				ENABLE_USER_SCRIPT_SANDBOXING = YES;
				GCC_C_LANGUAGE_STANDARD = gnu17;
				GCC_NO_COMMON_BLOCKS = YES;
				GCC_WARN_64_TO_32_BIT_CONVERSION = YES;
				GCC_WARN_ABOUT_RETURN_TYPE = YES_ERROR;
				GCC_WARN_UNDECLARED_SELECTOR = YES;
				GCC_WARN_UNINITIALIZED_AUTOS = YES_AGGRESSIVE;
				GCC_WARN_UNUSED_FUNCTION = YES;
				GCC_WARN_UNUSED_VARIABLE = YES;
				IPHONEOS_DEPLOYMENT_TARGET = 17.5;
				LOCALIZATION_PREFERS_STRING_CATALOGS = YES;
				MTL_ENABLE_DEBUG_INFO = NO;
				MTL_FAST_MATH = YES;
				SDKROOT = iphoneos;
				SWIFT_COMPILATION_MODE = wholemodule;
				VALIDATE_PRODUCT = YES;
			};
			name = Release;
		};
		3FF3E20A30209F2B00E2EC1B /* Debug */ = {
			isa = XCBuildConfiguration;
			buildSettings = {
				ASSETCATALOG_COMPILER_APPICON_NAME = AppIcon;
				ASSETCATALOG_COMPILER_GLOBAL_ACCENT_COLOR_NAME = AccentColor;
				CODE_SIGN_STYLE = Automatic;
				CURRENT_PROJECT_VERSION = 1;
				DEVELOPMENT_ASSET_PATHS = "\"GeoPunchAI/Preview Content\"";
				ENABLE_PREVIEWS = YES;
				GENERATE_INFOPLIST_FILE = YES;
				INFOPLIST_KEY_LSApplicationCategoryType = "";
				INFOPLIST_KEY_NSCameraUsageDescription = "We need camera access to capture your face for attendance verification.";
				INFOPLIST_KEY_NSLocationAlwaysAndWhenInUseUsageDescription = "";
				INFOPLIST_KEY_NSLocationWhenInUseUsageDescription = "We need your location to verify if you are within the attendance geofence.";
				INFOPLIST_KEY_UIApplicationSceneManifest_Generation = YES;
				INFOPLIST_KEY_UIApplicationSupportsIndirectInputEvents = YES;
				INFOPLIST_KEY_UILaunchScreen_Generation = YES;
				INFOPLIST_KEY_UISupportedInterfaceOrientations_iPad = "UIInterfaceOrientationPortrait UIInterfaceOrientationPortraitUpsideDown UIInterfaceOrientationLandscapeLeft UIInterfaceOrientationLandscapeRight";
				INFOPLIST_KEY_UISupportedInterfaceOrientations_iPhone = "UIInterfaceOrientationPortrait UIInterfaceOrientationLandscapeLeft UIInterfaceOrientationLandscapeRight";
				LD_RUNPATH_SEARCH_PATHS = (
					"$(inherited)",
					"@executable_path/Frameworks",
				);
				MARKETING_VERSION = 1.0;
				PRODUCT_BUNDLE_IDENTIFIER = com.GeoPuch.GeoPunchAI;
				PRODUCT_NAME = "$(TARGET_NAME)";
				SWIFT_EMIT_LOC_STRINGS = YES;
				SWIFT_VERSION = 5.0;
				TARGETED_DEVICE_FAMILY = "1,2";
			};
			name = Debug;
		};
		3FF3E20B30209F2B00E2EC1B /* Release */ = {
			isa = XCBuildConfiguration;
			buildSettings = {
				ASSETCATALOG_COMPILER_APPICON_NAME = AppIcon;
				ASSETCATALOG_COMPILER_GLOBAL_ACCENT_COLOR_NAME = AccentColor;
				CODE_SIGN_STYLE = Automatic;
				CURRENT_PROJECT_VERSION = 1;
				DEVELOPMENT_ASSET_PATHS = "\"GeoPunchAI/Preview Content\"";
				ENABLE_PREVIEWS = YES;
				GENERATE_INFOPLIST_FILE = YES;
				INFOPLIST_KEY_LSApplicationCategoryType = "";
				INFOPLIST_KEY_NSCameraUsageDescription = "We need camera access to capture your face for attendance verification.";
				INFOPLIST_KEY_NSLocationAlwaysAndWhenInUseUsageDescription = "";
				INFOPLIST_KEY_NSLocationWhenInUseUsageDescription = "We need your location to verify if you are within the attendance geofence.";
				INFOPLIST_KEY_UIApplicationSceneManifest_Generation = YES;
				INFOPLIST_KEY_UIApplicationSupportsIndirectInputEvents = YES;
				INFOPLIST_KEY_UILaunchScreen_Generation = YES;
				INFOPLIST_KEY_UISupportedInterfaceOrientations_iPad = "UIInterfaceOrientationPortrait UIInterfaceOrientationPortraitUpsideDown UIInterfaceOrientationLandscapeLeft UIInterfaceOrientationLandscapeRight";
				INFOPLIST_KEY_UISupportedInterfaceOrientations_iPhone = "UIInterfaceOrientationPortrait UIInterfaceOrientationLandscapeLeft UIInterfaceOrientationLandscapeRight";
				LD_RUNPATH_SEARCH_PATHS = (
					"$(inherited)",
					"@executable_path/Frameworks",
				);
				MARKETING_VERSION = 1.0;
				PRODUCT_BUNDLE_IDENTIFIER = com.GeoPuch.GeoPunchAI;
				PRODUCT_NAME = "$(TARGET_NAME)";
				SWIFT_EMIT_LOC_STRINGS = YES;
				SWIFT_VERSION = 5.0;
				TARGETED_DEVICE_FAMILY = "1,2";
			};
			name = Release;
		};
		3FF3E20D30209F2B00E2EC1B /* Debug */ = {
			isa = XCBuildConfiguration;
			buildSettings = {
				ALWAYS_EMBED_SWIFT_STANDARD_LIBRARIES = YES;
				BUNDLE_LOADER = "$(TEST_HOST)";
				CODE_SIGN_STYLE = Automatic;
				CURRENT_PROJECT_VERSION = 1;
				GENERATE_INFOPLIST_FILE = YES;
				IPHONEOS_DEPLOYMENT_TARGET = 17.5;
				MARKETING_VERSION = 1.0;
				PRODUCT_BUNDLE_IDENTIFIER = com.GeoPuch.GeoPunchAITests;
				PRODUCT_NAME = "$(TARGET_NAME)";
				SWIFT_EMIT_LOC_STRINGS = NO;
				SWIFT_VERSION = 5.0;
				TARGETED_DEVICE_FAMILY = "1,2";
				TEST_HOST = "$(BUILT_PRODUCTS_DIR)/GeoPunchAI.app/$(BUNDLE_EXECUTABLE_FOLDER_PATH)/GeoPunchAI";
			};
			name = Debug;
		};
		3FF3E20E30209F2B00E2EC1B /* Release */ = {
			isa = XCBuildConfiguration;
			buildSettings = {
				ALWAYS_EMBED_SWIFT_STANDARD_LIBRARIES = YES;
				BUNDLE_LOADER = "$(TEST_HOST)";
				CODE_SIGN_STYLE = Automatic;
				CURRENT_PROJECT_VERSION = 1;
				GENERATE_INFOPLIST_FILE = YES;
				IPHONEOS_DEPLOYMENT_TARGET = 17.5;
				MARKETING_VERSION = 1.0;
				PRODUCT_BUNDLE_IDENTIFIER = com.GeoPuch.GeoPunchAITests;
				PRODUCT_NAME = "$(TARGET_NAME)";
				SWIFT_EMIT_LOC_STRINGS = NO;
				SWIFT_VERSION = 5.0;
				TARGETED_DEVICE_FAMILY = "1,2";
				TEST_HOST = "$(BUILT_PRODUCTS_DIR)/GeoPunchAI.app/$(BUNDLE_EXECUTABLE_FOLDER_PATH)/GeoPunchAI";
			};
			name = Release;
		};
		3FF3E21030209F2B00E2EC1B /* Debug */ = {
			isa = XCBuildConfiguration;
			buildSettings = {
				ALWAYS_EMBED_SWIFT_STANDARD_LIBRARIES = YES;
				CODE_SIGN_STYLE = Automatic;
				CURRENT_PROJECT_VERSION = 1;
				GENERATE_INFOPLIST_FILE = YES;
				MARKETING_VERSION = 1.0;
				PRODUCT_BUNDLE_IDENTIFIER = com.GeoPuch.GeoPunchAIUITests;
				PRODUCT_NAME = "$(TARGET_NAME)";
				SWIFT_EMIT_LOC_STRINGS = NO;
				SWIFT_VERSION = 5.0;
				TARGETED_DEVICE_FAMILY = "1,2";
				TEST_TARGET_NAME = GeoPunchAI;
			};
			name = Debug;
		};
		3FF3E21130209F2B00E2EC1B /* Release */ = {
			isa = XCBuildConfiguration;
			buildSettings = {
				ALWAYS_EMBED_SWIFT_STANDARD_LIBRARIES = YES;
				CODE_SIGN_STYLE = Automatic;
				CURRENT_PROJECT_VERSION = 1;
				GENERATE_INFOPLIST_FILE = YES;
				MARKETING_VERSION = 1.0;
				PRODUCT_BUNDLE_IDENTIFIER = com.GeoPuch.GeoPunchAIUITests;
				PRODUCT_NAME = "$(TARGET_NAME)";
				SWIFT_EMIT_LOC_STRINGS = NO;
				SWIFT_VERSION = 5.0;
				TARGETED_DEVICE_FAMILY = "1,2";
				TEST_TARGET_NAME = GeoPunchAI;
			};
			name = Release;
		};
/* End XCBuildConfiguration section */

/* Begin XCConfigurationList section */
		3FF3E1E030209F2A00E2EC1B /* Build configuration list for PBXProject "GeoPunchAI" */ = {
			isa = XCConfigurationList;
			buildConfigurations = (
				3FF3E20730209F2B00E2EC1B /* Debug */,
				3FF3E20830209F2B00E2EC1B /* Release */,
			);
			defaultConfigurationIsVisible = 0;
			defaultConfigurationName = Release;
		};
		3FF3E20930209F2B00E2EC1B /* Build configuration list for PBXNativeTarget "GeoPunchAI" */ = {
			isa = XCConfigurationList;
			buildConfigurations = (
				3FF3E20A30209F2B00E2EC1B /* Debug */,
				3FF3E20B30209F2B00E2EC1B /* Release */,
			);
			defaultConfigurationIsVisible = 0;
			defaultConfigurationName = Release;
		};
		3FF3E20C30209F2B00E2EC1B /* Build configuration list for PBXNativeTarget "GeoPunchAITests" */ = {
			isa = XCConfigurationList;
			buildConfigurations = (
				3FF3E20D30209F2B00E2EC1B /* Debug */,
				3FF3E20E30209F2B00E2EC1B /* Release */,
			);
			defaultConfigurationIsVisible = 0;
			defaultConfigurationName = Release;
		};
		3FF3E20F30209F2B00E2EC1B /* Build configuration list for PBXNativeTarget "GeoPunchAIUITests" */ = {
			isa = XCConfigurationList;
			buildConfigurations = (
				3FF3E21030209F2B00E2EC1B /* Debug */,
				3FF3E21130209F2B00E2EC1B /* Release */,
			);
			defaultConfigurationIsVisible = 0;
			defaultConfigurationName = Release;
		};
/* End XCConfigurationList section */

/* Begin XCRemoteSwiftPackageReference section */
		3F0B0E55302351A200124FED /* XCRemoteSwiftPackageReference "firebase-ios-sdk" */ = {
			isa = XCRemoteSwiftPackageReference;
			repositoryURL = "https://github.com/firebase/firebase-ios-sdk";
			requirement = {
				kind = upToNextMajorVersion;
				minimumVersion = 10.25.0;
			};
		};
/* End XCRemoteSwiftPackageReference section */

/* Begin XCSwiftPackageProductDependency section */
		3F0B0E56302351A200124FED /* FirebaseAuth */ = {
			isa = XCSwiftPackageProductDependency;
			package = 3F0B0E55302351A200124FED /* XCRemoteSwiftPackageReference "firebase-ios-sdk" */;
			productName = FirebaseAuth;
		};
		3F0B0E58302351A200124FED /* FirebaseFirestore */ = {
			isa = XCSwiftPackageProductDependency;
			package = 3F0B0E55302351A200124FED /* XCRemoteSwiftPackageReference "firebase-ios-sdk" */;
			productName = FirebaseFirestore;
		};
		3F0B0E5A302351A200124FED /* FirebaseMessaging */ = {
			isa = XCSwiftPackageProductDependency;
			package = 3F0B0E55302351A200124FED /* XCRemoteSwiftPackageReference "firebase-ios-sdk" */;
			productName = FirebaseMessaging;
		};
		3F0B0E5C302351A200124FED /* FirebaseStorage */ = {
			isa = XCSwiftPackageProductDependency;
			package = 3F0B0E55302351A200124FED /* XCRemoteSwiftPackageReference "firebase-ios-sdk" */;
			productName = FirebaseStorage;
		};
/* End XCSwiftPackageProductDependency section */
	};
	rootObject = 3FF3E1DD30209F2A00E2EC1B /* Project object */;
}
